# This file is automatically @generated by Cargo.
# It is not intended for manual editing.
version = 4

[[package]]
name = "firefly-rust"
version = "0.15.0"
source = "registry+https://github.com/rust-lang/crates.io-index"
checksum = "f5e37e38fe528ee0750c7f52c3519b96272e20fe4b1f48f88edbdc56fa2c353a"

[[package]]
name = "firefly-sudo"
version = "0.14.1"
dependencies = [
 "firefly-rust",
]
